// !$*UTF8*$!
{
	archiveVersion = 1;
	classes = {
	};
	objectVersion = 50;
	objects = {

/* Begin PBXBuildFile section */
		DECC42A62790BE38008A4A60 /* AttributeKeyValueConvertible.swift in Sources */ = {isa = PBXBuildFile; fileRef = DECC42672790BC7E008A4A60 /* AttributeKeyValueConvertible.swift */; };
		DECC42A72790BE38008A4A60 /* AttributeRangeProvider.swift in Sources */ = {isa = PBXBuildFile; fileRef = DECC42662790BC7E008A4A60 /* AttributeRangeProvider.swift */; };
		DECC42A82790BE38008A4A60 /* CocoStringAttributeHolder.swift in Sources */ = {isa = PBXBuildFile; fileRef = DECC426C2790BC84008A4A60 /* CocoStringAttributeHolder.swift */; };
		DECC42A92790BE38008A4A60 /* NSMutableAttributedString++Extension.swift in Sources */ = {isa = PBXBuildFile; fileRef = DECC42702790BC8B008A4A60 /* NSMutableAttributedString++Extension.swift */; };
		DECC42AA2790BE38008A4A60 /* String++Extension.swift in Sources */ = {isa = PBXBuildFile; fileRef = DECC426F2790BC8B008A4A60 /* String++Extension.swift */; };
		DECC42AB2790BE38008A4A60 /* Helpers.swift in Sources */ = {isa = PBXBuildFile; fileRef = DECC42752790BC90008A4A60 /* Helpers.swift */; };
		DECC42AC2790BE38008A4A60 /* NSTextAttachment++Extension.swift in Sources */ = {isa = PBXBuildFile; fileRef = DECC42782790BC97008A4A60 /* NSTextAttachment++Extension.swift */; };
		DECC42AD2790BE38008A4A60 /* TextAttachmentAttributesBuilder.swift in Sources */ = {isa = PBXBuildFile; fileRef = DECC42792790BC97008A4A60 /* TextAttachmentAttributesBuilder.swift */; };
		DECC42AE2790BE38008A4A60 /* NSShadow++Extension.swift in Sources */ = {isa = PBXBuildFile; fileRef = DECC427E2790BC9D008A4A60 /* NSShadow++Extension.swift */; };
		DECC42AF2790BE38008A4A60 /* ShadowAttributesBuilder.swift in Sources */ = {isa = PBXBuildFile; fileRef = DECC427F2790BC9D008A4A60 /* ShadowAttributesBuilder.swift */; };
		DECC42B02790BE38008A4A60 /* NSMutableParagraphStyle++Extension.swift in Sources */ = {isa = PBXBuildFile; fileRef = DECC42842790BCA4008A4A60 /* NSMutableParagraphStyle++Extension.swift */; };
		DECC42B12790BE38008A4A60 /* ParagraphStyleAttributesBuilder.swift in Sources */ = {isa = PBXBuildFile; fileRef = DECC42852790BCA4008A4A60 /* ParagraphStyleAttributesBuilder.swift */; };
		DECC42B22790BE38008A4A60 /* TextTabAttributesBuilder.swift in Sources */ = {isa = PBXBuildFile; fileRef = DECC428A2790BCAA008A4A60 /* TextTabAttributesBuilder.swift */; };
		DECC42B32790BE38008A4A60 /* CocoAttribute.swift in Sources */ = {isa = PBXBuildFile; fileRef = DECC42582790BBF6008A4A60 /* CocoAttribute.swift */; };
		DECC42B42790BE38008A4A60 /* CocoAttributedStringBuilder.swift in Sources */ = {isa = PBXBuildFile; fileRef = DECC42572790BBF6008A4A60 /* CocoAttributedStringBuilder.swift */; };
		DECC42C12790BF0B008A4A60 /* AttributeKeyValueConvertible.swift in Sources */ = {isa = PBXBuildFile; fileRef = DECC42672790BC7E008A4A60 /* AttributeKeyValueConvertible.swift */; };
		DECC42C22790BF0B008A4A60 /* AttributeRangeProvider.swift in Sources */ = {isa = PBXBuildFile; fileRef = DECC42662790BC7E008A4A60 /* AttributeRangeProvider.swift */; };
		DECC42C32790BF0B008A4A60 /* CocoStringAttributeHolder.swift in Sources */ = {isa = PBXBuildFile; fileRef = DECC426C2790BC84008A4A60 /* CocoStringAttributeHolder.swift */; };
		DECC42C42790BF0B008A4A60 /* NSMutableAttributedString++Extension.swift in Sources */ = {isa = PBXBuildFile; fileRef = DECC42702790BC8B008A4A60 /* NSMutableAttributedString++Extension.swift */; };
		DECC42C52790BF0B008A4A60 /* String++Extension.swift in Sources */ = {isa = PBXBuildFile; fileRef = DECC426F2790BC8B008A4A60 /* String++Extension.swift */; };
		DECC42C62790BF0B008A4A60 /* Helpers.swift in Sources */ = {isa = PBXBuildFile; fileRef = DECC42752790BC90008A4A60 /* Helpers.swift */; };
		DECC42C72790BF0B008A4A60 /* NSTextAttachment++Extension.swift in Sources */ = {isa = PBXBuildFile; fileRef = DECC42782790BC97008A4A60 /* NSTextAttachment++Extension.swift */; };
		DECC42C82790BF0B008A4A60 /* TextAttachmentAttributesBuilder.swift in Sources */ = {isa = PBXBuildFile; fileRef = DECC42792790BC97008A4A60 /* TextAttachmentAttributesBuilder.swift */; };
		DECC42C92790BF0B008A4A60 /* NSShadow++Extension.swift in Sources */ = {isa = PBXBuildFile; fileRef = DECC427E2790BC9D008A4A60 /* NSShadow++Extension.swift */; };
		DECC42CA2790BF0B008A4A60 /* ShadowAttributesBuilder.swift in Sources */ = {isa = PBXBuildFile; fileRef = DECC427F2790BC9D008A4A60 /* ShadowAttributesBuilder.swift */; };
		DECC42CB2790BF0B008A4A60 /* NSMutableParagraphStyle++Extension.swift in Sources */ = {isa = PBXBuildFile; fileRef = DECC42842790BCA4008A4A60 /* NSMutableParagraphStyle++Extension.swift */; };
		DECC42CC2790BF0B008A4A60 /* ParagraphStyleAttributesBuilder.swift in Sources */ = {isa = PBXBuildFile; fileRef = DECC42852790BCA4008A4A60 /* ParagraphStyleAttributesBuilder.swift */; };
		DECC42CD2790BF0B008A4A60 /* TextTabAttributesBuilder.swift in Sources */ = {isa = PBXBuildFile; fileRef = DECC428A2790BCAA008A4A60 /* TextTabAttributesBuilder.swift */; };
		DECC42CE2790BF0B008A4A60 /* CocoAttribute.swift in Sources */ = {isa = PBXBuildFile; fileRef = DECC42582790BBF6008A4A60 /* CocoAttribute.swift */; };
		DECC42CF2790BF0B008A4A60 /* CocoAttributedStringBuilder.swift in Sources */ = {isa = PBXBuildFile; fileRef = DECC42572790BBF6008A4A60 /* CocoAttributedStringBuilder.swift */; };
		DECC42DC2790BF30008A4A60 /* AttributeKeyValueConvertible.swift in Sources */ = {isa = PBXBuildFile; fileRef = DECC42672790BC7E008A4A60 /* AttributeKeyValueConvertible.swift */; };
		DECC42DD2790BF30008A4A60 /* AttributeRangeProvider.swift in Sources */ = {isa = PBXBuildFile; fileRef = DECC42662790BC7E008A4A60 /* AttributeRangeProvider.swift */; };
		DECC42DE2790BF30008A4A60 /* CocoStringAttributeHolder.swift in Sources */ = {isa = PBXBuildFile; fileRef = DECC426C2790BC84008A4A60 /* CocoStringAttributeHolder.swift */; };
		DECC42DF2790BF30008A4A60 /* NSMutableAttributedString++Extension.swift in Sources */ = {isa = PBXBuildFile; fileRef = DECC42702790BC8B008A4A60 /* NSMutableAttributedString++Extension.swift */; };
		DECC42E02790BF30008A4A60 /* String++Extension.swift in Sources */ = {isa = PBXBuildFile; fileRef = DECC426F2790BC8B008A4A60 /* String++Extension.swift */; };
		DECC42E12790BF30008A4A60 /* Helpers.swift in Sources */ = {isa = PBXBuildFile; fileRef = DECC42752790BC90008A4A60 /* Helpers.swift */; };
		DECC42E22790BF30008A4A60 /* NSTextAttachment++Extension.swift in Sources */ = {isa = PBXBuildFile; fileRef = DECC42782790BC97008A4A60 /* NSTextAttachment++Extension.swift */; };
		DECC42E32790BF30008A4A60 /* TextAttachmentAttributesBuilder.swift in Sources */ = {isa = PBXBuildFile; fileRef = DECC42792790BC97008A4A60 /* TextAttachmentAttributesBuilder.swift */; };
		DECC42E42790BF30008A4A60 /* NSShadow++Extension.swift in Sources */ = {isa = PBXBuildFile; fileRef = DECC427E2790BC9D008A4A60 /* NSShadow++Extension.swift */; };
		DECC42E52790BF30008A4A60 /* ShadowAttributesBuilder.swift in Sources */ = {isa = PBXBuildFile; fileRef = DECC427F2790BC9D008A4A60 /* ShadowAttributesBuilder.swift */; };
		DECC42E62790BF30008A4A60 /* NSMutableParagraphStyle++Extension.swift in Sources */ = {isa = PBXBuildFile; fileRef = DECC42842790BCA4008A4A60 /* NSMutableParagraphStyle++Extension.swift */; };
		DECC42E72790BF30008A4A60 /* ParagraphStyleAttributesBuilder.swift in Sources */ = {isa = PBXBuildFile; fileRef = DECC42852790BCA4008A4A60 /* ParagraphStyleAttributesBuilder.swift */; };
		DECC42E82790BF30008A4A60 /* TextTabAttributesBuilder.swift in Sources */ = {isa = PBXBuildFile; fileRef = DECC428A2790BCAA008A4A60 /* TextTabAttributesBuilder.swift */; };
		DECC42E92790BF30008A4A60 /* CocoAttribute.swift in Sources */ = {isa = PBXBuildFile; fileRef = DECC42582790BBF6008A4A60 /* CocoAttribute.swift */; };
		DECC42EA2790BF30008A4A60 /* CocoAttributedStringBuilder.swift in Sources */ = {isa = PBXBuildFile; fileRef = DECC42572790BBF6008A4A60 /* CocoAttributedStringBuilder.swift */; };
		DECC42F72790BF48008A4A60 /* AttributeKeyValueConvertible.swift in Sources */ = {isa = PBXBuildFile; fileRef = DECC42672790BC7E008A4A60 /* AttributeKeyValueConvertible.swift */; };
		DECC42F82790BF48008A4A60 /* AttributeRangeProvider.swift in Sources */ = {isa = PBXBuildFile; fileRef = DECC42662790BC7E008A4A60 /* AttributeRangeProvider.swift */; };
		DECC42F92790BF48008A4A60 /* CocoStringAttributeHolder.swift in Sources */ = {isa = PBXBuildFile; fileRef = DECC426C2790BC84008A4A60 /* CocoStringAttributeHolder.swift */; };
		DECC42FA2790BF48008A4A60 /* NSMutableAttributedString++Extension.swift in Sources */ = {isa = PBXBuildFile; fileRef = DECC42702790BC8B008A4A60 /* NSMutableAttributedString++Extension.swift */; };
		DECC42FB2790BF48008A4A60 /* String++Extension.swift in Sources */ = {isa = PBXBuildFile; fileRef = DECC426F2790BC8B008A4A60 /* String++Extension.swift */; };
		DECC42FC2790BF48008A4A60 /* Helpers.swift in Sources */ = {isa = PBXBuildFile; fileRef = DECC42752790BC90008A4A60 /* Helpers.swift */; };
		DECC42FD2790BF48008A4A60 /* NSTextAttachment++Extension.swift in Sources */ = {isa = PBXBuildFile; fileRef = DECC42782790BC97008A4A60 /* NSTextAttachment++Extension.swift */; };
		DECC42FE2790BF48008A4A60 /* TextAttachmentAttributesBuilder.swift in Sources */ = {isa = PBXBuildFile; fileRef = DECC42792790BC97008A4A60 /* TextAttachmentAttributesBuilder.swift */; };
		DECC42FF2790BF48008A4A60 /* NSShadow++Extension.swift in Sources */ = {isa = PBXBuildFile; fileRef = DECC427E2790BC9D008A4A60 /* NSShadow++Extension.swift */; };
		DECC43002790BF48008A4A60 /* ShadowAttributesBuilder.swift in Sources */ = {isa = PBXBuildFile; fileRef = DECC427F2790BC9D008A4A60 /* ShadowAttributesBuilder.swift */; };
		DECC43012790BF48008A4A60 /* NSMutableParagraphStyle++Extension.swift in Sources */ = {isa = PBXBuildFile; fileRef = DECC42842790BCA4008A4A60 /* NSMutableParagraphStyle++Extension.swift */; };
		DECC43022790BF48008A4A60 /* ParagraphStyleAttributesBuilder.swift in Sources */ = {isa = PBXBuildFile; fileRef = DECC42852790BCA4008A4A60 /* ParagraphStyleAttributesBuilder.swift */; };
		DECC43032790BF48008A4A60 /* TextTabAttributesBuilder.swift in Sources */ = {isa = PBXBuildFile; fileRef = DECC428A2790BCAA008A4A60 /* TextTabAttributesBuilder.swift */; };
		DECC43042790BF48008A4A60 /* CocoAttribute.swift in Sources */ = {isa = PBXBuildFile; fileRef = DECC42582790BBF6008A4A60 /* CocoAttribute.swift */; };
		DECC43052790BF48008A4A60 /* CocoAttributedStringBuilder.swift in Sources */ = {isa = PBXBuildFile; fileRef = DECC42572790BBF6008A4A60 /* CocoAttributedStringBuilder.swift */; };
/* End PBXBuildFile section */

/* Begin PBXFileReference section */
		DE27B9A32791855F00D8DFB5 /* CocoAttributedStringBuilder_IOS.framework */ = {isa = PBXFileReference; explicitFileType = wrapper.framework; includeInIndex = 0; name = CocoAttributedStringBuilder_IOS.framework; path = "/Users/kiarashvosough/Desktop/Project/CocoAttributedStringBuilder/build/Debug-iphoneos/CocoAttributedStringBuilder_IOS.framework"; sourceTree = "<absolute>"; };
		DE27B9A42791855F00D8DFB5 /* CocoAttributedStringBuilder_macOS.framework */ = {isa = PBXFileReference; explicitFileType = wrapper.framework; includeInIndex = 0; name = CocoAttributedStringBuilder_macOS.framework; path = /Users/kiarashvosough/Desktop/Project/CocoAttributedStringBuilder/build/Debug/CocoAttributedStringBuilder_macOS.framework; sourceTree = "<absolute>"; };
		DE27B9A52791855F00D8DFB5 /* CocoAttributedStringBuilder_watchOS.framework */ = {isa = PBXFileReference; explicitFileType = wrapper.framework; includeInIndex = 0; name = CocoAttributedStringBuilder_watchOS.framework; path = "/Users/kiarashvosough/Desktop/Project/CocoAttributedStringBuilder/build/Debug-watchos/CocoAttributedStringBuilder_watchOS.framework"; sourceTree = "<absolute>"; };
		DE27B9A62791855F00D8DFB5 /* CocoAttributedStringBuilder_tvOS.framework */ = {isa = PBXFileReference; explicitFileType = wrapper.framework; includeInIndex = 0; name = CocoAttributedStringBuilder_tvOS.framework; path = "/Users/kiarashvosough/Desktop/Project/CocoAttributedStringBuilder/build/Debug-appletvos/CocoAttributedStringBuilder_tvOS.framework"; sourceTree = "<absolute>"; };
		DECC42232790B95A008A4A60 /* Package.swift */ = {isa = PBXFileReference; lastKnownFileType = sourcecode.swift; path = Package.swift; sourceTree = "<group>"; };
		DECC42252790B95A008A4A60 /* CocoAttributedStringBuilder.podspec.zip */ = {isa = PBXFileReference; lastKnownFileType = archive.zip; path = CocoAttributedStringBuilder.podspec.zip; sourceTree = "<group>"; };
		DECC42262790B95A008A4A60 /* LICENSE */ = {isa = PBXFileReference; lastKnownFileType = text; path = LICENSE; sourceTree = "<group>"; };
		DECC42272790B95A008A4A60 /* CocoAttributedStringBuilder.podspec */ = {isa = PBXFileReference; lastKnownFileType = text; path = CocoAttributedStringBuilder.podspec; sourceTree = "<group>"; };
		DECC42282790B95A008A4A60 /* README.md */ = {isa = PBXFileReference; lastKnownFileType = net.daringfireball.markdown; path = README.md; sourceTree = "<group>"; };
		DECC42532790BB9F008A4A60 /* coco_icon.png */ = {isa = PBXFileReference; lastKnownFileType = image.png; path = coco_icon.png; sourceTree = "<group>"; };
		DECC42572790BBF6008A4A60 /* CocoAttributedStringBuilder.swift */ = {isa = PBXFileReference; fileEncoding = 4; lastKnownFileType = sourcecode.swift; path = CocoAttributedStringBuilder.swift; sourceTree = "<group>"; };
		DECC42582790BBF6008A4A60 /* CocoAttribute.swift */ = {isa = PBXFileReference; fileEncoding = 4; lastKnownFileType = sourcecode.swift; path = CocoAttribute.swift; sourceTree = "<group>"; };
		DECC42662790BC7E008A4A60 /* AttributeRangeProvider.swift */ = {isa = PBXFileReference; fileEncoding = 4; lastKnownFileType = sourcecode.swift; path = AttributeRangeProvider.swift; sourceTree = "<group>"; };
		DECC42672790BC7E008A4A60 /* AttributeKeyValueConvertible.swift */ = {isa = PBXFileReference; fileEncoding = 4; lastKnownFileType = sourcecode.swift; path = AttributeKeyValueConvertible.swift; sourceTree = "<group>"; };
		DECC426C2790BC84008A4A60 /* CocoStringAttributeHolder.swift */ = {isa = PBXFileReference; fileEncoding = 4; lastKnownFileType = sourcecode.swift; path = CocoStringAttributeHolder.swift; sourceTree = "<group>"; };
		DECC426F2790BC8B008A4A60 /* String++Extension.swift */ = {isa = PBXFileReference; fileEncoding = 4; lastKnownFileType = sourcecode.swift; path = "String++Extension.swift"; sourceTree = "<group>"; };
		DECC42702790BC8B008A4A60 /* NSMutableAttributedString++Extension.swift */ = {isa = PBXFileReference; fileEncoding = 4; lastKnownFileType = sourcecode.swift; path = "NSMutableAttributedString++Extension.swift"; sourceTree = "<group>"; };
		DECC42752790BC90008A4A60 /* Helpers.swift */ = {isa = PBXFileReference; fileEncoding = 4; lastKnownFileType = sourcecode.swift; path = Helpers.swift; sourceTree = "<group>"; };
		DECC42782790BC97008A4A60 /* NSTextAttachment++Extension.swift */ = {isa = PBXFileReference; fileEncoding = 4; lastKnownFileType = sourcecode.swift; path = "NSTextAttachment++Extension.swift"; sourceTree = "<group>"; };
		DECC42792790BC97008A4A60 /* TextAttachmentAttributesBuilder.swift */ = {isa = PBXFileReference; fileEncoding = 4; lastKnownFileType = sourcecode.swift; path = TextAttachmentAttributesBuilder.swift; sourceTree = "<group>"; };
		DECC427E2790BC9D008A4A60 /* NSShadow++Extension.swift */ = {isa = PBXFileReference; fileEncoding = 4; lastKnownFileType = sourcecode.swift; path = "NSShadow++Extension.swift"; sourceTree = "<group>"; };
		DECC427F2790BC9D008A4A60 /* ShadowAttributesBuilder.swift */ = {isa = PBXFileReference; fileEncoding = 4; lastKnownFileType = sourcecode.swift; path = ShadowAttributesBuilder.swift; sourceTree = "<group>"; };
		DECC42842790BCA4008A4A60 /* NSMutableParagraphStyle++Extension.swift */ = {isa = PBXFileReference; fileEncoding = 4; lastKnownFileType = sourcecode.swift; path = "NSMutableParagraphStyle++Extension.swift"; sourceTree = "<group>"; };
		DECC42852790BCA4008A4A60 /* ParagraphStyleAttributesBuilder.swift */ = {isa = PBXFileReference; fileEncoding = 4; lastKnownFileType = sourcecode.swift; path = ParagraphStyleAttributesBuilder.swift; sourceTree = "<group>"; };
		DECC428A2790BCAA008A4A60 /* TextTabAttributesBuilder.swift */ = {isa = PBXFileReference; fileEncoding = 4; lastKnownFileType = sourcecode.swift; path = TextTabAttributesBuilder.swift; sourceTree = "<group>"; };
/* End PBXFileReference section */

/* Begin PBXFrameworksBuildPhase section */
		DECC429C2790BDFA008A4A60 /* Frameworks */ = {
			isa = PBXFrameworksBuildPhase;
			buildActionMask = 2147483647;
			files = (
			);
			runOnlyForDeploymentPostprocessing = 0;
		};
		DECC42B72790BEFC008A4A60 /* Frameworks */ = {
			isa = PBXFrameworksBuildPhase;
			buildActionMask = 2147483647;
			files = (
			);
			runOnlyForDeploymentPostprocessing = 0;
		};
		DECC42D22790BF24008A4A60 /* Frameworks */ = {
			isa = PBXFrameworksBuildPhase;
			buildActionMask = 2147483647;
			files = (
			);
			runOnlyForDeploymentPostprocessing = 0;
		};
		DECC42ED2790BF39008A4A60 /* Frameworks */ = {
			isa = PBXFrameworksBuildPhase;
			buildActionMask = 2147483647;
			files = (
			);
			runOnlyForDeploymentPostprocessing = 0;
		};
/* End PBXFrameworksBuildPhase section */

/* Begin PBXGroup section */
		DE6B465F26FD0A930038F720 = {
			isa = PBXGroup;
			children = (
				DECC42492790BB47008A4A60 /* Resources */,
				DECC42482790BB32008A4A60 /* Sources */,
				DECC42472790BB19008A4A60 /* Documentation */,
				DECC42462790BAF7008A4A60 /* Deployment */,
			);
			sourceTree = "<group>";
		};
		DECC42462790BAF7008A4A60 /* Deployment */ = {
			isa = PBXGroup;
			children = (
				DECC42272790B95A008A4A60 /* CocoAttributedStringBuilder.podspec */,
				DECC42252790B95A008A4A60 /* CocoAttributedStringBuilder.podspec.zip */,
				DECC42262790B95A008A4A60 /* LICENSE */,
				DECC42232790B95A008A4A60 /* Package.swift */,
			);
			name = Deployment;
			sourceTree = "<group>";
		};
		DECC42472790BB19008A4A60 /* Documentation */ = {
			isa = PBXGroup;
			children = (
				DECC42282790B95A008A4A60 /* README.md */,
			);
			name = Documentation;
			sourceTree = "<group>";
		};
		DECC42482790BB32008A4A60 /* Sources */ = {
			isa = PBXGroup;
			children = (
				DECC42612790BC1C008A4A60 /* Protocols */,
				DECC42602790BC17008A4A60 /* Models */,
				DECC425F2790BC12008A4A60 /* Extensions */,
				DECC425E2790BC0C008A4A60 /* Common */,
				DECC425D2790BC05008A4A60 /* Builders */,
				DECC42582790BBF6008A4A60 /* CocoAttribute.swift */,
				DECC42572790BBF6008A4A60 /* CocoAttributedStringBuilder.swift */,
			);
			path = Sources;
			sourceTree = "<group>";
		};
		DECC42492790BB47008A4A60 /* Resources */ = {
			isa = PBXGroup;
			children = (
				DECC42532790BB9F008A4A60 /* coco_icon.png */,
			);
			path = Resources;
			sourceTree = "<group>";
		};
		DECC425D2790BC05008A4A60 /* Builders */ = {
			isa = PBXGroup;
			children = (
				DECC42642790BC4D008A4A60 /* TextAttachmentAttributesBuilder */,
				DECC42632790BC48008A4A60 /* ShadowAttributesBuilder */,
				DECC42622790BC43008A4A60 /* ParagraphStyleAttributesBuilder */,
			);
			path = Builders;
			sourceTree = "<group>";
		};
		DECC425E2790BC0C008A4A60 /* Common */ = {
			isa = PBXGroup;
			children = (
				DECC42752790BC90008A4A60 /* Helpers.swift */,
			);
			path = Common;
			sourceTree = "<group>";
		};
		DECC425F2790BC12008A4A60 /* Extensions */ = {
			isa = PBXGroup;
			children = (
				DECC42702790BC8B008A4A60 /* NSMutableAttributedString++Extension.swift */,
				DECC426F2790BC8B008A4A60 /* String++Extension.swift */,
			);
			path = Extensions;
			sourceTree = "<group>";
		};
		DECC42602790BC17008A4A60 /* Models */ = {
			isa = PBXGroup;
			children = (
				DECC426C2790BC84008A4A60 /* CocoStringAttributeHolder.swift */,
			);
			path = Models;
			sourceTree = "<group>";
		};
		DECC42612790BC1C008A4A60 /* Protocols */ = {
			isa = PBXGroup;
			children = (
				DECC42672790BC7E008A4A60 /* AttributeKeyValueConvertible.swift */,
				DECC42662790BC7E008A4A60 /* AttributeRangeProvider.swift */,
			);
			path = Protocols;
			sourceTree = "<group>";
		};
		DECC42622790BC43008A4A60 /* ParagraphStyleAttributesBuilder */ = {
			isa = PBXGroup;
			children = (
				DECC42842790BCA4008A4A60 /* NSMutableParagraphStyle++Extension.swift */,
				DECC42852790BCA4008A4A60 /* ParagraphStyleAttributesBuilder.swift */,
				DECC42652790BC58008A4A60 /* TextTabAttributesBuilder */,
			);
			path = ParagraphStyleAttributesBuilder;
			sourceTree = "<group>";
		};
		DECC42632790BC48008A4A60 /* ShadowAttributesBuilder */ = {
			isa = PBXGroup;
			children = (
				DECC427E2790BC9D008A4A60 /* NSShadow++Extension.swift */,
				DECC427F2790BC9D008A4A60 /* ShadowAttributesBuilder.swift */,
			);
			path = ShadowAttributesBuilder;
			sourceTree = "<group>";
		};
		DECC42642790BC4D008A4A60 /* TextAttachmentAttributesBuilder */ = {
			isa = PBXGroup;
			children = (
				DECC42782790BC97008A4A60 /* NSTextAttachment++Extension.swift */,
				DECC42792790BC97008A4A60 /* TextAttachmentAttributesBuilder.swift */,
			);
			path = TextAttachmentAttributesBuilder;
			sourceTree = "<group>";
		};
		DECC42652790BC58008A4A60 /* TextTabAttributesBuilder */ = {
			isa = PBXGroup;
			children = (
				DECC428A2790BCAA008A4A60 /* TextTabAttributesBuilder.swift */,
			);
			path = TextTabAttributesBuilder;
			sourceTree = "<group>";
		};
/* End PBXGroup section */

/* Begin PBXHeadersBuildPhase section */
		DECC429A2790BDFA008A4A60 /* Headers */ = {
			isa = PBXHeadersBuildPhase;
			buildActionMask = 2147483647;
			files = (
			);
			runOnlyForDeploymentPostprocessing = 0;
		};
		DECC42B52790BEFC008A4A60 /* Headers */ = {
			isa = PBXHeadersBuildPhase;
			buildActionMask = 2147483647;
			files = (
			);
			runOnlyForDeploymentPostprocessing = 0;
		};
		DECC42D02790BF24008A4A60 /* Headers */ = {
			isa = PBXHeadersBuildPhase;
			buildActionMask = 2147483647;
			files = (
			);
			runOnlyForDeploymentPostprocessing = 0;
		};
		DECC42EB2790BF39008A4A60 /* Headers */ = {
			isa = PBXHeadersBuildPhase;
			buildActionMask = 2147483647;
			files = (
			);
			runOnlyForDeploymentPostprocessing = 0;
		};
/* End PBXHeadersBuildPhase section */

/* Begin PBXNativeTarget section */
		DECC429E2790BDFA008A4A60 /* CocoAttributedStringBuilder IOS */ = {
			isa = PBXNativeTarget;
			buildConfigurationList = DECC42A32790BDFA008A4A60 /* Build configuration list for PBXNativeTarget "CocoAttributedStringBuilder IOS" */;
			buildPhases = (
				DECC429A2790BDFA008A4A60 /* Headers */,
				DECC429B2790BDFA008A4A60 /* Sources */,
				DECC429C2790BDFA008A4A60 /* Frameworks */,
				DECC429D2790BDFA008A4A60 /* Resources */,
			);
			buildRules = (
			);
			dependencies = (
			);
			name = "CocoAttributedStringBuilder IOS";
			productName = "CocoAttributedStringBuilder IOS";
			productReference = DE27B9A32791855F00D8DFB5 /* CocoAttributedStringBuilder_IOS.framework */;
			productType = "com.apple.product-type.framework";
		};
		DECC42B92790BEFC008A4A60 /* CocoAttributedStringBuilder macOS */ = {
			isa = PBXNativeTarget;
			buildConfigurationList = DECC42BE2790BEFC008A4A60 /* Build configuration list for PBXNativeTarget "CocoAttributedStringBuilder macOS" */;
			buildPhases = (
				DECC42B52790BEFC008A4A60 /* Headers */,
				DECC42B62790BEFC008A4A60 /* Sources */,
				DECC42B72790BEFC008A4A60 /* Frameworks */,
				DECC42B82790BEFC008A4A60 /* Resources */,
			);
			buildRules = (
			);
			dependencies = (
			);
			name = "CocoAttributedStringBuilder macOS";
			productName = "CocoAttributedStringBuilder macOS";
			productReference = DE27B9A42791855F00D8DFB5 /* CocoAttributedStringBuilder_macOS.framework */;
			productType = "com.apple.product-type.framework";
		};
		DECC42D42790BF24008A4A60 /* CocoAttributedStringBuilder watchOS */ = {
			isa = PBXNativeTarget;
			buildConfigurationList = DECC42D92790BF24008A4A60 /* Build configuration list for PBXNativeTarget "CocoAttributedStringBuilder watchOS" */;
			buildPhases = (
				DECC42D02790BF24008A4A60 /* Headers */,
				DECC42D12790BF24008A4A60 /* Sources */,
				DECC42D22790BF24008A4A60 /* Frameworks */,
				DECC42D32790BF24008A4A60 /* Resources */,
			);
			buildRules = (
			);
			dependencies = (
			);
			name = "CocoAttributedStringBuilder watchOS";
			productName = "CocoAttributedStringBuilder watchOS";
			productReference = DE27B9A52791855F00D8DFB5 /* CocoAttributedStringBuilder_watchOS.framework */;
			productType = "com.apple.product-type.framework";
		};
		DECC42EF2790BF39008A4A60 /* CocoAttributedStringBuilder tvOS */ = {
			isa = PBXNativeTarget;
			buildConfigurationList = DECC42F42790BF39008A4A60 /* Build configuration list for PBXNativeTarget "CocoAttributedStringBuilder tvOS" */;
			buildPhases = (
				DECC42EB2790BF39008A4A60 /* Headers */,
				DECC42EC2790BF39008A4A60 /* Sources */,
				DECC42ED2790BF39008A4A60 /* Frameworks */,
				DECC42EE2790BF39008A4A60 /* Resources */,
			);
			buildRules = (
			);
			dependencies = (
			);
			name = "CocoAttributedStringBuilder tvOS";
			productName = "CocoAttributedStringBuilder tvOS";
			productReference = DE27B9A62791855F00D8DFB5 /* CocoAttributedStringBuilder_tvOS.framework */;
			productType = "com.apple.product-type.framework";
		};
/* End PBXNativeTarget section */

/* Begin PBXProject section */
		DE6B466026FD0A930038F720 /* Project object */ = {
			isa = PBXProject;
			attributes = {
				LastSwiftUpdateCheck = 1320;
				LastUpgradeCheck = 1250;
				TargetAttributes = {
					DECC429E2790BDFA008A4A60 = {
						CreatedOnToolsVersion = 13.2.1;
					};
					DECC42B92790BEFC008A4A60 = {
						CreatedOnToolsVersion = 13.2.1;
					};
					DECC42D42790BF24008A4A60 = {
						CreatedOnToolsVersion = 13.2.1;
					};
					DECC42EF2790BF39008A4A60 = {
						CreatedOnToolsVersion = 13.2.1;
					};
				};
			};
			buildConfigurationList = DE6B466326FD0A930038F720 /* Build configuration list for PBXProject "CocoAttributedStringBuilder" */;
			compatibilityVersion = "Xcode 9.3";
			developmentRegion = en;
			hasScannedForEncodings = 0;
			knownRegions = (
				en,
				Base,
			);
			mainGroup = DE6B465F26FD0A930038F720;
			productRefGroup = DE6B465F26FD0A930038F720;
			projectDirPath = "";
			projectRoot = "";
			targets = (
				DECC429E2790BDFA008A4A60 /* CocoAttributedStringBuilder IOS */,
				DECC42B92790BEFC008A4A60 /* CocoAttributedStringBuilder macOS */,
				DECC42D42790BF24008A4A60 /* CocoAttributedStringBuilder watchOS */,
				DECC42EF2790BF39008A4A60 /* CocoAttributedStringBuilder tvOS */,
			);
		};
/* End PBXProject section */

/* Begin PBXResourcesBuildPhase section */
		DECC429D2790BDFA008A4A60 /* Resources */ = {
			isa = PBXResourcesBuildPhase;
			buildActionMask = 2147483647;
			files = (
			);
			runOnlyForDeploymentPostprocessing = 0;
		};
		DECC42B82790BEFC008A4A60 /* Resources */ = {
			isa = PBXResourcesBuildPhase;
			buildActionMask = 2147483647;
			files = (
			);
			runOnlyForDeploymentPostprocessing = 0;
		};
		DECC42D32790BF24008A4A60 /* Resources */ = {
			isa = PBXResourcesBuildPhase;
			buildActionMask = 2147483647;
			files = (
			);
			runOnlyForDeploymentPostprocessing = 0;
		};
		DECC42EE2790BF39008A4A60 /* Resources */ = {
			isa = PBXResourcesBuildPhase;
			buildActionMask = 2147483647;
			files = (
			);
			runOnlyForDeploymentPostprocessing = 0;
		};
/* End PBXResourcesBuildPhase section */

/* Begin PBXSourcesBuildPhase section */
		DECC429B2790BDFA008A4A60 /* Sources */ = {
			isa = PBXSourcesBuildPhase;
			buildActionMask = 2147483647;
			files = (
				DECC42A62790BE38008A4A60 /* AttributeKeyValueConvertible.swift in Sources */,
				DECC42A72790BE38008A4A60 /* AttributeRangeProvider.swift in Sources */,
				DECC42A82790BE38008A4A60 /* CocoStringAttributeHolder.swift in Sources */,
				DECC42A92790BE38008A4A60 /* NSMutableAttributedString++Extension.swift in Sources */,
				DECC42AA2790BE38008A4A60 /* String++Extension.swift in Sources */,
				DECC42AB2790BE38008A4A60 /* Helpers.swift in Sources */,
				DECC42AC2790BE38008A4A60 /* NSTextAttachment++Extension.swift in Sources */,
				DECC42AD2790BE38008A4A60 /* TextAttachmentAttributesBuilder.swift in Sources */,
				DECC42AE2790BE38008A4A60 /* NSShadow++Extension.swift in Sources */,
				DECC42AF2790BE38008A4A60 /* ShadowAttributesBuilder.swift in Sources */,
				DECC42B02790BE38008A4A60 /* NSMutableParagraphStyle++Extension.swift in Sources */,
				DECC42B12790BE38008A4A60 /* ParagraphStyleAttributesBuilder.swift in Sources */,
				DECC42B22790BE38008A4A60 /* TextTabAttributesBuilder.swift in Sources */,
				DECC42B32790BE38008A4A60 /* CocoAttribute.swift in Sources */,
				DECC42B42790BE38008A4A60 /* CocoAttributedStringBuilder.swift in Sources */,
			);
			runOnlyForDeploymentPostprocessing = 0;
		};
		DECC42B62790BEFC008A4A60 /* Sources */ = {
			isa = PBXSourcesBuildPhase;
			buildActionMask = 2147483647;
			files = (
				DECC42C12790BF0B008A4A60 /* AttributeKeyValueConvertible.swift in Sources */,
				DECC42C22790BF0B008A4A60 /* AttributeRangeProvider.swift in Sources */,
				DECC42C32790BF0B008A4A60 /* CocoStringAttributeHolder.swift in Sources */,
				DECC42C42790BF0B008A4A60 /* NSMutableAttributedString++Extension.swift in Sources */,
				DECC42C52790BF0B008A4A60 /* String++Extension.swift in Sources */,
				DECC42C62790BF0B008A4A60 /* Helpers.swift in Sources */,
				DECC42C72790BF0B008A4A60 /* NSTextAttachment++Extension.swift in Sources */,
				DECC42C82790BF0B008A4A60 /* TextAttachmentAttributesBuilder.swift in Sources */,
				DECC42C92790BF0B008A4A60 /* NSShadow++Extension.swift in Sources */,
				DECC42CA2790BF0B008A4A60 /* ShadowAttributesBuilder.swift in Sources */,
				DECC42CB2790BF0B008A4A60 /* NSMutableParagraphStyle++Extension.swift in Sources */,
				DECC42CC2790BF0B008A4A60 /* ParagraphStyleAttributesBuilder.swift in Sources */,
				DECC42CD2790BF0B008A4A60 /* TextTabAttributesBuilder.swift in Sources */,
				DECC42CE2790BF0B008A4A60 /* CocoAttribute.swift in Sources */,
				DECC42CF2790BF0B008A4A60 /* CocoAttributedStringBuilder.swift in Sources */,
			);
			runOnlyForDeploymentPostprocessing = 0;
		};
		DECC42D12790BF24008A4A60 /* Sources */ = {
			isa = PBXSourcesBuildPhase;
			buildActionMask = 2147483647;
			files = (
				DECC42DC2790BF30008A4A60 /* AttributeKeyValueConvertible.swift in Sources */,
				DECC42DD2790BF30008A4A60 /* AttributeRangeProvider.swift in Sources */,
				DECC42DE2790BF30008A4A60 /* CocoStringAttributeHolder.swift in Sources */,
				DECC42DF2790BF30008A4A60 /* NSMutableAttributedString++Extension.swift in Sources */,
				DECC42E02790BF30008A4A60 /* String++Extension.swift in Sources */,
				DECC42E12790BF30008A4A60 /* Helpers.swift in Sources */,
				DECC42E22790BF30008A4A60 /* NSTextAttachment++Extension.swift in Sources */,
				DECC42E32790BF30008A4A60 /* TextAttachmentAttributesBuilder.swift in Sources */,
				DECC42E42790BF30008A4A60 /* NSShadow++Extension.swift in Sources */,
				DECC42E52790BF30008A4A60 /* ShadowAttributesBuilder.swift in Sources */,
				DECC42E62790BF30008A4A60 /* NSMutableParagraphStyle++Extension.swift in Sources */,
				DECC42E72790BF30008A4A60 /* ParagraphStyleAttributesBuilder.swift in Sources */,
				DECC42E82790BF30008A4A60 /* TextTabAttributesBuilder.swift in Sources */,
				DECC42E92790BF30008A4A60 /* CocoAttribute.swift in Sources */,
				DECC42EA2790BF30008A4A60 /* CocoAttributedStringBuilder.swift in Sources */,
			);
			runOnlyForDeploymentPostprocessing = 0;
		};
		DECC42EC2790BF39008A4A60 /* Sources */ = {
			isa = PBXSourcesBuildPhase;
			buildActionMask = 2147483647;
			files = (
				DECC42F72790BF48008A4A60 /* AttributeKeyValueConvertible.swift in Sources */,
				DECC42F82790BF48008A4A60 /* AttributeRangeProvider.swift in Sources */,
				DECC42F92790BF48008A4A60 /* CocoStringAttributeHolder.swift in Sources */,
				DECC42FA2790BF48008A4A60 /* NSMutableAttributedString++Extension.swift in Sources */,
				DECC42FB2790BF48008A4A60 /* String++Extension.swift in Sources */,
				DECC42FC2790BF48008A4A60 /* Helpers.swift in Sources */,
				DECC42FD2790BF48008A4A60 /* NSTextAttachment++Extension.swift in Sources */,
				DECC42FE2790BF48008A4A60 /* TextAttachmentAttributesBuilder.swift in Sources */,
				DECC42FF2790BF48008A4A60 /* NSShadow++Extension.swift in Sources */,
				DECC43002790BF48008A4A60 /* ShadowAttributesBuilder.swift in Sources */,
				DECC43012790BF48008A4A60 /* NSMutableParagraphStyle++Extension.swift in Sources */,
				DECC43022790BF48008A4A60 /* ParagraphStyleAttributesBuilder.swift in Sources */,
				DECC43032790BF48008A4A60 /* TextTabAttributesBuilder.swift in Sources */,
				DECC43042790BF48008A4A60 /* CocoAttribute.swift in Sources */,
				DECC43052790BF48008A4A60 /* CocoAttributedStringBuilder.swift in Sources */,
			);
			runOnlyForDeploymentPostprocessing = 0;
		};
/* End PBXSourcesBuildPhase section */

/* Begin XCBuildConfiguration section */
		DE6B467B26FD0A930038F720 /* Debug */ = {
			isa = XCBuildConfiguration;
			buildSettings = {
				ALWAYS_SEARCH_USER_PATHS = NO;
				CLANG_ANALYZER_NONNULL = YES;
				CLANG_ANALYZER_NUMBER_OBJECT_CONVERSION = YES_AGGRESSIVE;
				CLANG_CXX_LANGUAGE_STANDARD = "gnu++14";
				CLANG_CXX_LIBRARY = "libc++";
				CLANG_ENABLE_MODULES = YES;
				CLANG_ENABLE_OBJC_ARC = YES;
				CLANG_ENABLE_OBJC_WEAK = YES;
				CLANG_WARN_BLOCK_CAPTURE_AUTORELEASING = YES;
				CLANG_WARN_BOOL_CONVERSION = YES;
				CLANG_WARN_COMMA = YES;
				CLANG_WARN_CONSTANT_CONVERSION = YES;
				CLANG_WARN_DEPRECATED_OBJC_IMPLEMENTATIONS = YES;
				CLANG_WARN_DIRECT_OBJC_ISA_USAGE = YES_ERROR;
				CLANG_WARN_DOCUMENTATION_COMMENTS = YES;
				CLANG_WARN_EMPTY_BODY = YES;
				CLANG_WARN_ENUM_CONVERSION = YES;
				CLANG_WARN_INFINITE_RECURSION = YES;
				CLANG_WARN_INT_CONVERSION = YES;
				CLANG_WARN_NON_LITERAL_NULL_CONVERSION = YES;
				CLANG_WARN_OBJC_IMPLICIT_RETAIN_SELF = YES;
				CLANG_WARN_OBJC_LITERAL_CONVERSION = YES;
				CLANG_WARN_OBJC_ROOT_CLASS = YES_ERROR;
				CLANG_WARN_QUOTED_INCLUDE_IN_FRAMEWORK_HEADER = YES;
				CLANG_WARN_RANGE_LOOP_ANALYSIS = YES;
				CLANG_WARN_STRICT_PROTOTYPES = YES;
				CLANG_WARN_SUSPICIOUS_MOVE = YES;
				CLANG_WARN_UNGUARDED_AVAILABILITY = YES_AGGRESSIVE;
				CLANG_WARN_UNREACHABLE_CODE = YES;
				CLANG_WARN__DUPLICATE_METHOD_MATCH = YES;
				COPY_PHASE_STRIP = NO;
				CURRENT_PROJECT_VERSION = 1;
				DEBUG_INFORMATION_FORMAT = dwarf;
				ENABLE_STRICT_OBJC_MSGSEND = YES;
				ENABLE_TESTABILITY = YES;
				GCC_C_LANGUAGE_STANDARD = gnu11;
				GCC_DYNAMIC_NO_PIC = NO;
				GCC_NO_COMMON_BLOCKS = YES;
				GCC_OPTIMIZATION_LEVEL = 0;
				GCC_PREPROCESSOR_DEFINITIONS = (
					"DEBUG=1",
					"$(inherited)",
				);
				GCC_WARN_64_TO_32_BIT_CONVERSION = YES;
				GCC_WARN_ABOUT_RETURN_TYPE = YES_ERROR;
				GCC_WARN_UNDECLARED_SELECTOR = YES;
				GCC_WARN_UNINITIALIZED_AUTOS = YES_AGGRESSIVE;
				GCC_WARN_UNUSED_FUNCTION = YES;
				GCC_WARN_UNUSED_VARIABLE = YES;
				IPHONEOS_DEPLOYMENT_TARGET = 9.0;
				MTL_ENABLE_DEBUG_INFO = INCLUDE_SOURCE;
				MTL_FAST_MATH = YES;
				ONLY_ACTIVE_ARCH = YES;
				SDKROOT = iphoneos;
				SWIFT_ACTIVE_COMPILATION_CONDITIONS = DEBUG;
				SWIFT_OPTIMIZATION_LEVEL = "-Onone";
				VERSIONING_SYSTEM = "apple-generic";
				VERSION_INFO_PREFIX = "";
			};
			name = Debug;
		};
		DE6B467C26FD0A930038F720 /* Release */ = {
			isa = XCBuildConfiguration;
			buildSettings = {
				ALWAYS_SEARCH_USER_PATHS = NO;
				CLANG_ANALYZER_NONNULL = YES;
				CLANG_ANALYZER_NUMBER_OBJECT_CONVERSION = YES_AGGRESSIVE;
				CLANG_CXX_LANGUAGE_STANDARD = "gnu++14";
				CLANG_CXX_LIBRARY = "libc++";
				CLANG_ENABLE_MODULES = YES;
				CLANG_ENABLE_OBJC_ARC = YES;
				CLANG_ENABLE_OBJC_WEAK = YES;
				CLANG_WARN_BLOCK_CAPTURE_AUTORELEASING = YES;
				CLANG_WARN_BOOL_CONVERSION = YES;
				CLANG_WARN_COMMA = YES;
				CLANG_WARN_CONSTANT_CONVERSION = YES;
				CLANG_WARN_DEPRECATED_OBJC_IMPLEMENTATIONS = YES;
				CLANG_WARN_DIRECT_OBJC_ISA_USAGE = YES_ERROR;
				CLANG_WARN_DOCUMENTATION_COMMENTS = YES;
				CLANG_WARN_EMPTY_BODY = YES;
				CLANG_WARN_ENUM_CONVERSION = YES;
				CLANG_WARN_INFINITE_RECURSION = YES;
				CLANG_WARN_INT_CONVERSION = YES;
				CLANG_WARN_NON_LITERAL_NULL_CONVERSION = YES;
				CLANG_WARN_OBJC_IMPLICIT_RETAIN_SELF = YES;
				CLANG_WARN_OBJC_LITERAL_CONVERSION = YES;
				CLANG_WARN_OBJC_ROOT_CLASS = YES_ERROR;
				CLANG_WARN_QUOTED_INCLUDE_IN_FRAMEWORK_HEADER = YES;
				CLANG_WARN_RANGE_LOOP_ANALYSIS = YES;
				CLANG_WARN_STRICT_PROTOTYPES = YES;
				CLANG_WARN_SUSPICIOUS_MOVE = YES;
				CLANG_WARN_UNGUARDED_AVAILABILITY = YES_AGGRESSIVE;
				CLANG_WARN_UNREACHABLE_CODE = YES;
				CLANG_WARN__DUPLICATE_METHOD_MATCH = YES;
				COPY_PHASE_STRIP = NO;
				CURRENT_PROJECT_VERSION = 1;
				DEBUG_INFORMATION_FORMAT = "dwarf-with-dsym";
				ENABLE_NS_ASSERTIONS = NO;
				ENABLE_STRICT_OBJC_MSGSEND = YES;
				GCC_C_LANGUAGE_STANDARD = gnu11;
				GCC_NO_COMMON_BLOCKS = YES;
				GCC_WARN_64_TO_32_BIT_CONVERSION = YES;
				GCC_WARN_ABOUT_RETURN_TYPE = YES_ERROR;
				GCC_WARN_UNDECLARED_SELECTOR = YES;
				GCC_WARN_UNINITIALIZED_AUTOS = YES_AGGRESSIVE;
				GCC_WARN_UNUSED_FUNCTION = YES;
				GCC_WARN_UNUSED_VARIABLE = YES;
				IPHONEOS_DEPLOYMENT_TARGET = 9.0;
				MTL_ENABLE_DEBUG_INFO = NO;
				MTL_FAST_MATH = YES;
				SDKROOT = iphoneos;
				SWIFT_COMPILATION_MODE = wholemodule;
				SWIFT_OPTIMIZATION_LEVEL = "-O";
				VALIDATE_PRODUCT = YES;
				VERSIONING_SYSTEM = "apple-generic";
				VERSION_INFO_PREFIX = "";
			};
			name = Release;
		};
		DECC42A42790BDFA008A4A60 /* Debug */ = {
			isa = XCBuildConfiguration;
			buildSettings = {
				APPLICATION_EXTENSION_API_ONLY = YES;
				CLANG_CXX_LANGUAGE_STANDARD = "gnu++17";
				CODE_SIGN_STYLE = Automatic;
				CURRENT_PROJECT_VERSION = 1;
				DEFINES_MODULE = YES;
				DYLIB_COMPATIBILITY_VERSION = 1;
				DYLIB_CURRENT_VERSION = 1;
				DYLIB_INSTALL_NAME_BASE = "@rpath";
				GENERATE_INFOPLIST_FILE = YES;
				INFOPLIST_KEY_NSHumanReadableCopyright = "";
				INSTALL_PATH = "$(LOCAL_LIBRARY_DIR)/Frameworks";
				IPHONEOS_DEPLOYMENT_TARGET = 9.0;
				"IPHONEOS_DEPLOYMENT_TARGET[sdk=macosx*]" = 13.1;
				LD_RUNPATH_SEARCH_PATHS = (
					"$(inherited)",
					"@executable_path/Frameworks",
					"@loader_path/Frameworks",
				);
				MARKETING_VERSION = 1.0;
				PRODUCT_BUNDLE_IDENTIFIER = "com.kiarashvosough.Apple.CocoAttributedStringBuilder-IOS";
				PRODUCT_NAME = "$(TARGET_NAME:c99extidentifier)";
				SKIP_INSTALL = YES;
				SWIFT_EMIT_LOC_STRINGS = YES;
				SWIFT_VERSION = 5.0;
				TARGETED_DEVICE_FAMILY = "1,2";
			};
			name = Debug;
		};
		DECC42A52790BDFA008A4A60 /* Release */ = {
			isa = XCBuildConfiguration;
			buildSettings = {
				APPLICATION_EXTENSION_API_ONLY = YES;
				CLANG_CXX_LANGUAGE_STANDARD = "gnu++17";
				CODE_SIGN_STYLE = Automatic;
				CURRENT_PROJECT_VERSION = 1;
				DEFINES_MODULE = YES;
				DYLIB_COMPATIBILITY_VERSION = 1;
				DYLIB_CURRENT_VERSION = 1;
				DYLIB_INSTALL_NAME_BASE = "@rpath";
				GENERATE_INFOPLIST_FILE = YES;
				INFOPLIST_KEY_NSHumanReadableCopyright = "";
				INSTALL_PATH = "$(LOCAL_LIBRARY_DIR)/Frameworks";
				IPHONEOS_DEPLOYMENT_TARGET = 9.0;
				"IPHONEOS_DEPLOYMENT_TARGET[sdk=macosx*]" = 13.1;
				LD_RUNPATH_SEARCH_PATHS = (
					"$(inherited)",
					"@executable_path/Frameworks",
					"@loader_path/Frameworks",
				);
				MARKETING_VERSION = 1.0;
				PRODUCT_BUNDLE_IDENTIFIER = "com.kiarashvosough.Apple.CocoAttributedStringBuilder-IOS";
				PRODUCT_NAME = "$(TARGET_NAME:c99extidentifier)";
				SKIP_INSTALL = YES;
				SWIFT_EMIT_LOC_STRINGS = YES;
				SWIFT_VERSION = 5.0;
				TARGETED_DEVICE_FAMILY = "1,2";
			};
			name = Release;
		};
		DECC42BF2790BEFC008A4A60 /* Debug */ = {
			isa = XCBuildConfiguration;
			buildSettings = {
				APPLICATION_EXTENSION_API_ONLY = YES;
				CLANG_CXX_LANGUAGE_STANDARD = "gnu++17";
				CODE_SIGN_STYLE = Automatic;
				COMBINE_HIDPI_IMAGES = YES;
				CURRENT_PROJECT_VERSION = 1;
				DEFINES_MODULE = YES;
				DYLIB_COMPATIBILITY_VERSION = 1;
				DYLIB_CURRENT_VERSION = 1;
				DYLIB_INSTALL_NAME_BASE = "@rpath";
				GENERATE_INFOPLIST_FILE = YES;
				INFOPLIST_KEY_NSHumanReadableCopyright = "";
				INSTALL_PATH = "$(LOCAL_LIBRARY_DIR)/Frameworks";
				LD_RUNPATH_SEARCH_PATHS = (
					"$(inherited)",
					"@executable_path/../Frameworks",
					"@loader_path/Frameworks",
				);
				MACOSX_DEPLOYMENT_TARGET = 10.9;
				MARKETING_VERSION = 1.0;
				PRODUCT_BUNDLE_IDENTIFIER = "com.kiarashvosough.Apple.CocoAttributedStringBuilder-macOS";
				PRODUCT_NAME = "$(TARGET_NAME:c99extidentifier)";
				SDKROOT = macosx;
				SKIP_INSTALL = YES;
				SWIFT_EMIT_LOC_STRINGS = YES;
				SWIFT_VERSION = 5.0;
			};
			name = Debug;
		};
		DECC42C02790BEFC008A4A60 /* Release */ = {
			isa = XCBuildConfiguration;
			buildSettings = {
				APPLICATION_EXTENSION_API_ONLY = YES;
				CLANG_CXX_LANGUAGE_STANDARD = "gnu++17";
				CODE_SIGN_STYLE = Automatic;
				COMBINE_HIDPI_IMAGES = YES;
				CURRENT_PROJECT_VERSION = 1;
				DEFINES_MODULE = YES;
				DYLIB_COMPATIBILITY_VERSION = 1;
				DYLIB_CURRENT_VERSION = 1;
				DYLIB_INSTALL_NAME_BASE = "@rpath";
				GENERATE_INFOPLIST_FILE = YES;
				INFOPLIST_KEY_NSHumanReadableCopyright = "";
				INSTALL_PATH = "$(LOCAL_LIBRARY_DIR)/Frameworks";
				LD_RUNPATH_SEARCH_PATHS = (
					"$(inherited)",
					"@executable_path/../Frameworks",
					"@loader_path/Frameworks",
				);
				MACOSX_DEPLOYMENT_TARGET = 10.9;
				MARKETING_VERSION = 1.0;
				PRODUCT_BUNDLE_IDENTIFIER = "com.kiarashvosough.Apple.CocoAttributedStringBuilder-macOS";
				PRODUCT_NAME = "$(TARGET_NAME:c99extidentifier)";
				SDKROOT = macosx;
				SKIP_INSTALL = YES;
				SWIFT_EMIT_LOC_STRINGS = YES;
				SWIFT_VERSION = 5.0;
			};
			name = Release;
		};
		DECC42DA2790BF24008A4A60 /* Debug */ = {
			isa = XCBuildConfiguration;
			buildSettings = {
				APPLICATION_EXTENSION_API_ONLY = YES;
				CLANG_CXX_LANGUAGE_STANDARD = "gnu++17";
				CODE_SIGN_STYLE = Automatic;
				CURRENT_PROJECT_VERSION = 1;
				DEFINES_MODULE = YES;
				DYLIB_COMPATIBILITY_VERSION = 1;
				DYLIB_CURRENT_VERSION = 1;
				DYLIB_INSTALL_NAME_BASE = "@rpath";
				GENERATE_INFOPLIST_FILE = YES;
				INFOPLIST_KEY_NSHumanReadableCopyright = "";
				INSTALL_PATH = "$(LOCAL_LIBRARY_DIR)/Frameworks";
				LD_RUNPATH_SEARCH_PATHS = (
					"$(inherited)",
					"@executable_path/Frameworks",
					"@loader_path/Frameworks",
				);
				MARKETING_VERSION = 1.0;
				PRODUCT_BUNDLE_IDENTIFIER = "com.kiarashvosough.Apple.CocoAttributedStringBuilder-watchOS";
				PRODUCT_NAME = "$(TARGET_NAME:c99extidentifier)";
				SDKROOT = watchos;
				SKIP_INSTALL = YES;
				SWIFT_EMIT_LOC_STRINGS = YES;
				SWIFT_VERSION = 5.0;
				TARGETED_DEVICE_FAMILY = 4;
				WATCHOS_DEPLOYMENT_TARGET = 2.0;
			};
			name = Debug;
		};
		DECC42DB2790BF24008A4A60 /* Release */ = {
			isa = XCBuildConfiguration;
			buildSettings = {
				APPLICATION_EXTENSION_API_ONLY = YES;
				CLANG_CXX_LANGUAGE_STANDARD = "gnu++17";
				CODE_SIGN_STYLE = Automatic;
				CURRENT_PROJECT_VERSION = 1;
				DEFINES_MODULE = YES;
				DYLIB_COMPATIBILITY_VERSION = 1;
				DYLIB_CURRENT_VERSION = 1;
				DYLIB_INSTALL_NAME_BASE = "@rpath";
				GENERATE_INFOPLIST_FILE = YES;
				INFOPLIST_KEY_NSHumanReadableCopyright = "";
				INSTALL_PATH = "$(LOCAL_LIBRARY_DIR)/Frameworks";
				LD_RUNPATH_SEARCH_PATHS = (
					"$(inherited)",
					"@executable_path/Frameworks",
					"@loader_path/Frameworks",
				);
				MARKETING_VERSION = 1.0;
				PRODUCT_BUNDLE_IDENTIFIER = "com.kiarashvosough.Apple.CocoAttributedStringBuilder-watchOS";
				PRODUCT_NAME = "$(TARGET_NAME:c99extidentifier)";
				SDKROOT = watchos;
				SKIP_INSTALL = YES;
				SWIFT_EMIT_LOC_STRINGS = YES;
				SWIFT_VERSION = 5.0;
				TARGETED_DEVICE_FAMILY = 4;
				WATCHOS_DEPLOYMENT_TARGET = 2.0;
			};
			name = Release;
		};
		DECC42F52790BF39008A4A60 /* Debug */ = {
			isa = XCBuildConfiguration;
			buildSettings = {
				APPLICATION_EXTENSION_API_ONLY = YES;
				CLANG_CXX_LANGUAGE_STANDARD = "gnu++17";
				CODE_SIGN_STYLE = Automatic;
				CURRENT_PROJECT_VERSION = 1;
				DEFINES_MODULE = YES;
				DYLIB_COMPATIBILITY_VERSION = 1;
				DYLIB_CURRENT_VERSION = 1;
				DYLIB_INSTALL_NAME_BASE = "@rpath";
				GENERATE_INFOPLIST_FILE = YES;
				INFOPLIST_KEY_NSHumanReadableCopyright = "";
				INSTALL_PATH = "$(LOCAL_LIBRARY_DIR)/Frameworks";
				LD_RUNPATH_SEARCH_PATHS = (
					"$(inherited)",
					"@executable_path/Frameworks",
					"@loader_path/Frameworks",
				);
				MARKETING_VERSION = 1.0;
				PRODUCT_BUNDLE_IDENTIFIER = "com.kiarashvosough.Apple.CocoAttributedStringBuilder-tvOS";
				PRODUCT_NAME = "$(TARGET_NAME:c99extidentifier)";
				SDKROOT = appletvos;
				SKIP_INSTALL = YES;
				SWIFT_EMIT_LOC_STRINGS = YES;
				SWIFT_VERSION = 5.0;
				TARGETED_DEVICE_FAMILY = 3;
				TVOS_DEPLOYMENT_TARGET = 9.0;
			};
			name = Debug;
		};
		DECC42F62790BF39008A4A60 /* Release */ = {
			isa = XCBuildConfiguration;
			buildSettings = {
				APPLICATION_EXTENSION_API_ONLY = YES;
				CLANG_CXX_LANGUAGE_STANDARD = "gnu++17";
				CODE_SIGN_STYLE = Automatic;
				CURRENT_PROJECT_VERSION = 1;
				DEFINES_MODULE = YES;
				DYLIB_COMPATIBILITY_VERSION = 1;
				DYLIB_CURRENT_VERSION = 1;
				DYLIB_INSTALL_NAME_BASE = "@rpath";
				GENERATE_INFOPLIST_FILE = YES;
				INFOPLIST_KEY_NSHumanReadableCopyright = "";
				INSTALL_PATH = "$(LOCAL_LIBRARY_DIR)/Frameworks";
				LD_RUNPATH_SEARCH_PATHS = (
					"$(inherited)",
					"@executable_path/Frameworks",
					"@loader_path/Frameworks",
				);
				MARKETING_VERSION = 1.0;
				PRODUCT_BUNDLE_IDENTIFIER = "com.kiarashvosough.Apple.CocoAttributedStringBuilder-tvOS";
				PRODUCT_NAME = "$(TARGET_NAME:c99extidentifier)";
				SDKROOT = appletvos;
				SKIP_INSTALL = YES;
				SWIFT_EMIT_LOC_STRINGS = YES;
				SWIFT_VERSION = 5.0;
				TARGETED_DEVICE_FAMILY = 3;
				TVOS_DEPLOYMENT_TARGET = 9.0;
			};
			name = Release;
		};
/* End XCBuildConfiguration section */

/* Begin XCConfigurationList section */
		DE6B466326FD0A930038F720 /* Build configuration list for PBXProject "CocoAttributedStringBuilder" */ = {
			isa = XCConfigurationList;
			buildConfigurations = (
				DE6B467B26FD0A930038F720 /* Debug */,
				DE6B467C26FD0A930038F720 /* Release */,
			);
			defaultConfigurationIsVisible = 0;
			defaultConfigurationName = Release;
		};
		DECC42A32790BDFA008A4A60 /* Build configuration list for PBXNativeTarget "CocoAttributedStringBuilder IOS" */ = {
			isa = XCConfigurationList;
			buildConfigurations = (
				DECC42A42790BDFA008A4A60 /* Debug */,
				DECC42A52790BDFA008A4A60 /* Release */,
			);
			defaultConfigurationIsVisible = 0;
			defaultConfigurationName = Release;
		};
		DECC42BE2790BEFC008A4A60 /* Build configuration list for PBXNativeTarget "CocoAttributedStringBuilder macOS" */ = {
			isa = XCConfigurationList;
			buildConfigurations = (
				DECC42BF2790BEFC008A4A60 /* Debug */,
				DECC42C02790BEFC008A4A60 /* Release */,
			);
			defaultConfigurationIsVisible = 0;
			defaultConfigurationName = Release;
		};
		DECC42D92790BF24008A4A60 /* Build configuration list for PBXNativeTarget "CocoAttributedStringBuilder watchOS" */ = {
			isa = XCConfigurationList;
			buildConfigurations = (
				DECC42DA2790BF24008A4A60 /* Debug */,
				DECC42DB2790BF24008A4A60 /* Release */,
			);
			defaultConfigurationIsVisible = 0;
			defaultConfigurationName = Release;
		};
		DECC42F42790BF39008A4A60 /* Build configuration list for PBXNativeTarget "CocoAttributedStringBuilder tvOS" */ = {
			isa = XCConfigurationList;
			buildConfigurations = (
				DECC42F52790BF39008A4A60 /* Debug */,
				DECC42F62790BF39008A4A60 /* Release */,
			);
			defaultConfigurationIsVisible = 0;
			defaultConfigurationName = Release;
		};
/* End XCConfigurationList section */
	};
	rootObject = DE6B466026FD0A930038F720 /* Project object */;
}
